
Microsoft Visual Studio Solution File, Format Version 12.00
# Visual Studio 15
VisualStudioVersion = 15.0.28307.329
MinimumVisualStudioVersion = 10.0.40219.1
Project("{FAE04EC0-301F-11D3-BF4B-00C04F79EFBC}") = "FlatMVC", "FlatMVC\FlatMVC.csproj", "{05203BD9-484A-4666-8F31-F2CBB5FDFCDF}"
EndProject
Project("{FAE04EC0-301F-11D3-BF4B-00C04F79EFBC}") = "Entity", "Entity\Entity.csproj", "{518C6098-7D73-4361-A890-6687ADE88B77}"
EndProject
Project("{FAE04EC0-301F-11D3-BF4B-00C04F79EFBC}") = "DAL", "DAL\DAL.csproj", "{7012CF00-ADC7-4C93-8F4D-CAAC98CB2AE0}"
EndProject
Global
	GlobalSection(SolutionConfigurationPlatforms) = preSolution
		Debug|Any CPU = Debug|Any CPU
		Release|Any CPU = Release|Any CPU
	EndGlobalSection
	GlobalSection(ProjectConfigurationPlatforms) = postSolution
		{05203BD9-484A-4666-8F31-F2CBB5FDFCDF}.Debug|Any CPU.ActiveCfg = Debug|Any CPU
		{05203BD9-484A-4666-8F31-F2CBB5FDFCDF}.Debug|Any CPU.Build.0 = Debug|Any CPU
		{05203BD9-484A-4666-8F31-F2CBB5FDFCDF}.Release|Any CPU.ActiveCfg = Release|Any CPU
		{05203BD9-484A-4666-8F31-F2CBB5FDFCDF}.Release|Any CPU.Build.0 = Release|Any CPU
		{518C6098-7D73-4361-A890-6687ADE88B77}.Debug|Any CPU.ActiveCfg = Debug|Any CPU
		{518C6098-7D73-4361-A890-6687ADE88B77}.Debug|Any CPU.Build.0 = Debug|Any CPU
		{518C6098-7D73-4361-A890-6687ADE88B77}.Release|Any CPU.ActiveCfg = Release|Any CPU
		{518C6098-7D73-4361-A890-6687ADE88B77}.Release|Any CPU.Build.0 = Release|Any CPU
		{7012CF00-ADC7-4C93-8F4D-CAAC98CB2AE0}.Debug|Any CPU.ActiveCfg = Debug|Any CPU
		{7012CF00-ADC7-4C93-8F4D-CAAC98CB2AE0}.Debug|Any CPU.Build.0 = Debug|Any CPU
		{7012CF00-ADC7-4C93-8F4D-CAAC98CB2AE0}.Release|Any CPU.ActiveCfg = Release|Any CPU
		{7012CF00-ADC7-4C93-8F4D-CAAC98CB2AE0}.Release|Any CPU.Build.0 = Release|Any CPU
	EndGlobalSection
	GlobalSection(SolutionProperties) = preSolution
		HideSolutionNode = FALSE
	EndGlobalSection
	GlobalSection(ExtensibilityGlobals) = postSolution
		SolutionGuid = {69CDC8BD-B88B-4A55-98B5-BA1CCB474731}
	EndGlobalSection
EndGlobal
